// !$*UTF8*$!
{
	archiveVersion = 1;
	classes = {
	};
	objectVersion = 46;
	objects = {

/* Begin PBXBuildFile section */
		41A824C3FB8254DB08DC4209 /* libPods.a in Frameworks */ = {isa = PBXBuildFile; fileRef = EECE474552D9703E33E6684F /* libPods.a */; };
		654158B11ADCD29F00CDFC85 /* main.m in Sources */ = {isa = PBXBuildFile; fileRef = 654158B01ADCD29F00CDFC85 /* main.m */; };
		654158B41ADCD29F00CDFC85 /* AppDelegate.m in Sources */ = {isa = PBXBuildFile; fileRef = 654158B31ADCD29F00CDFC85 /* AppDelegate.m */; };
		654158B71ADCD29F00CDFC85 /* Phochat.xcdatamodeld in Sources */ = {isa = PBXBuildFile; fileRef = 654158B51ADCD29F00CDFC85 /* Phochat.xcdatamodeld */; };
		654158BA1ADCD29F00CDFC85 /* ViewController.m in Sources */ = {isa = PBXBuildFile; fileRef = 654158B91ADCD29F00CDFC85 /* ViewController.m */; };
		654158BD1ADCD29F00CDFC85 /* Main.storyboard in Resources */ = {isa = PBXBuildFile; fileRef = 654158BB1ADCD29F00CDFC85 /* Main.storyboard */; };
		654158BF1ADCD29F00CDFC85 /* Images.xcassets in Resources */ = {isa = PBXBuildFile; fileRef = 654158BE1ADCD29F00CDFC85 /* Images.xcassets */; };
		654158C21ADCD29F00CDFC85 /* LaunchScreen.xib in Resources */ = {isa = PBXBuildFile; fileRef = 654158C01ADCD29F00CDFC85 /* LaunchScreen.xib */; };
		654158CE1ADCD29F00CDFC85 /* PhochatTests.m in Sources */ = {isa = PBXBuildFile; fileRef = 654158CD1ADCD29F00CDFC85 /* PhochatTests.m */; };
		65C39E4C1AEA0BE900B945F3 /* PCPhotosCollectionViewController.m in Sources */ = {isa = PBXBuildFile; fileRef = 65C39E4B1AEA0BE900B945F3 /* PCPhotosCollectionViewController.m */; };
		65D787A21AEA065A00F88F94 /* PCProfileViewController.m in Sources */ = {isa = PBXBuildFile; fileRef = 65D787A11AEA065A00F88F94 /* PCProfileViewController.m */; };
/* End PBXBuildFile section */

/* Begin PBXContainerItemProxy section */
		654158C81ADCD29F00CDFC85 /* PBXContainerItemProxy */ = {
			isa = PBXContainerItemProxy;
			containerPortal = 654158A31ADCD29F00CDFC85 /* Project object */;
			proxyType = 1;
			remoteGlobalIDString = 654158AA1ADCD29F00CDFC85;
			remoteInfo = Phochat;
		};
/* End PBXContainerItemProxy section */

/* Begin PBXFileReference section */
		654158AB1ADCD29F00CDFC85 /* Phochat.app */ = {isa = PBXFileReference; explicitFileType = wrapper.application; includeInIndex = 0; path = Phochat.app; sourceTree = BUILT_PRODUCTS_DIR; };
		654158AF1ADCD29F00CDFC85 /* Info.plist */ = {isa = PBXFileReference; lastKnownFileType = text.plist.xml; path = Info.plist; sourceTree = "<group>"; };
		654158B01ADCD29F00CDFC85 /* main.m */ = {isa = PBXFileReference; lastKnownFileType = sourcecode.c.objc; path = main.m; sourceTree = "<group>"; };
		654158B21ADCD29F00CDFC85 /* AppDelegate.h */ = {isa = PBXFileReference; lastKnownFileType = sourcecode.c.h; path = AppDelegate.h; sourceTree = "<group>"; };
		654158B31ADCD29F00CDFC85 /* AppDelegate.m */ = {isa = PBXFileReference; lastKnownFileType = sourcecode.c.objc; path = AppDelegate.m; sourceTree = "<group>"; };
		654158B61ADCD29F00CDFC85 /* Phochat.xcdatamodel */ = {isa = PBXFileReference; lastKnownFileType = wrapper.xcdatamodel; path = Phochat.xcdatamodel; sourceTree = "<group>"; };
		654158B81ADCD29F00CDFC85 /* ViewController.h */ = {isa = PBXFileReference; lastKnownFileType = sourcecode.c.h; path = ViewController.h; sourceTree = "<group>"; };
		654158B91ADCD29F00CDFC85 /* ViewController.m */ = {isa = PBXFileReference; lastKnownFileType = sourcecode.c.objc; path = ViewController.m; sourceTree = "<group>"; };
		654158BC1ADCD29F00CDFC85 /* Base */ = {isa = PBXFileReference; lastKnownFileType = file.storyboard; name = Base; path = Base.lproj/Main.storyboard; sourceTree = "<group>"; };
		654158BE1ADCD29F00CDFC85 /* Images.xcassets */ = {isa = PBXFileReference; lastKnownFileType = folder.assetcatalog; path = Images.xcassets; sourceTree = "<group>"; };
		654158C11ADCD29F00CDFC85 /* Base */ = {isa = PBXFileReference; lastKnownFileType = file.xib; name = Base; path = Base.lproj/LaunchScreen.xib; sourceTree = "<group>"; };
		654158C71ADCD29F00CDFC85 /* PhochatTests.xctest */ = {isa = PBXFileReference; explicitFileType = wrapper.cfbundle; includeInIndex = 0; path = PhochatTests.xctest; sourceTree = BUILT_PRODUCTS_DIR; };
		654158CC1ADCD29F00CDFC85 /* Info.plist */ = {isa = PBXFileReference; lastKnownFileType = text.plist.xml; path = Info.plist; sourceTree = "<group>"; };
		654158CD1ADCD29F00CDFC85 /* PhochatTests.m */ = {isa = PBXFileReference; lastKnownFileType = sourcecode.c.objc; path = PhochatTests.m; sourceTree = "<group>"; };
		65C39E4A1AEA0BE900B945F3 /* PCPhotosCollectionViewController.h */ = {isa = PBXFileReference; fileEncoding = 4; lastKnownFileType = sourcecode.c.h; path = PCPhotosCollectionViewController.h; sourceTree = "<group>"; };
		65C39E4B1AEA0BE900B945F3 /* PCPhotosCollectionViewController.m */ = {isa = PBXFileReference; fileEncoding = 4; lastKnownFileType = sourcecode.c.objc; path = PCPhotosCollectionViewController.m; sourceTree = "<group>"; };
		65D787A01AEA065A00F88F94 /* PCProfileViewController.h */ = {isa = PBXFileReference; fileEncoding = 4; lastKnownFileType = sourcecode.c.h; path = PCProfileViewController.h; sourceTree = "<group>"; };
		65D787A11AEA065A00F88F94 /* PCProfileViewController.m */ = {isa = PBXFileReference; fileEncoding = 4; lastKnownFileType = sourcecode.c.objc; path = PCProfileViewController.m; sourceTree = "<group>"; };
		D6C850ED415AF4879D42267E /* Pods.debug.xcconfig */ = {isa = PBXFileReference; includeInIndex = 1; lastKnownFileType = text.xcconfig; name = Pods.debug.xcconfig; path = "Pods/Target Support Files/Pods/Pods.debug.xcconfig"; sourceTree = "<group>"; };
		EECE474552D9703E33E6684F /* libPods.a */ = {isa = PBXFileReference; explicitFileType = archive.ar; includeInIndex = 0; path = libPods.a; sourceTree = BUILT_PRODUCTS_DIR; };
		F2F808CFC599AAD3A61B9F3A /* Pods.release.xcconfig */ = {isa = PBXFileReference; includeInIndex = 1; lastKnownFileType = text.xcconfig; name = Pods.release.xcconfig; path = "Pods/Target Support Files/Pods/Pods.release.xcconfig"; sourceTree = "<group>"; };
/* End PBXFileReference section */

/* Begin PBXFrameworksBuildPhase section */
		654158A81ADCD29F00CDFC85 /* Frameworks */ = {
			isa = PBXFrameworksBuildPhase;
			buildActionMask = 2147483647;
			files = (
				41A824C3FB8254DB08DC4209 /* libPods.a in Frameworks */,
			);
			runOnlyForDeploymentPostprocessing = 0;
		};
		654158C41ADCD29F00CDFC85 /* Frameworks */ = {
			isa = PBXFrameworksBuildPhase;
			buildActionMask = 2147483647;
			files = (
			);
			runOnlyForDeploymentPostprocessing = 0;
		};
/* End PBXFrameworksBuildPhase section */

/* Begin PBXGroup section */
		6184564EF678C5B05346E8B6 /* Pods */ = {
			isa = PBXGroup;
			children = (
				D6C850ED415AF4879D42267E /* Pods.debug.xcconfig */,
				F2F808CFC599AAD3A61B9F3A /* Pods.release.xcconfig */,
			);
			name = Pods;
			sourceTree = "<group>";
		};
		654158A21ADCD29F00CDFC85 = {
			isa = PBXGroup;
			children = (
				654158AD1ADCD29F00CDFC85 /* Phochat */,
				654158CA1ADCD29F00CDFC85 /* PhochatTests */,
				654158AC1ADCD29F00CDFC85 /* Products */,
				6184564EF678C5B05346E8B6 /* Pods */,
				A9A74C930279B9B683E6D298 /* Frameworks */,
			);
			sourceTree = "<group>";
		};
		654158AC1ADCD29F00CDFC85 /* Products */ = {
			isa = PBXGroup;
			children = (
				654158AB1ADCD29F00CDFC85 /* Phochat.app */,
				654158C71ADCD29F00CDFC85 /* PhochatTests.xctest */,
			);
			name = Products;
			sourceTree = "<group>";
		};
		654158AD1ADCD29F00CDFC85 /* Phochat */ = {
			isa = PBXGroup;
			children = (
				65D7879F1AEA061E00F88F94 /* UI */,
				654158B21ADCD29F00CDFC85 /* AppDelegate.h */,
				654158B31ADCD29F00CDFC85 /* AppDelegate.m */,
				654158B81ADCD29F00CDFC85 /* ViewController.h */,
				654158B91ADCD29F00CDFC85 /* ViewController.m */,
				654158BB1ADCD29F00CDFC85 /* Main.storyboard */,
				654158BE1ADCD29F00CDFC85 /* Images.xcassets */,
				654158C01ADCD29F00CDFC85 /* LaunchScreen.xib */,
				654158B51ADCD29F00CDFC85 /* Phochat.xcdatamodeld */,
				654158AE1ADCD29F00CDFC85 /* Supporting Files */,
			);
			path = Phochat;
			sourceTree = "<group>";
		};
		654158AE1ADCD29F00CDFC85 /* Supporting Files */ = {
			isa = PBXGroup;
			children = (
				654158AF1ADCD29F00CDFC85 /* Info.plist */,
				654158B01ADCD29F00CDFC85 /* main.m */,
			);
			name = "Supporting Files";
			sourceTree = "<group>";
		};
		654158CA1ADCD29F00CDFC85 /* PhochatTests */ = {
			isa = PBXGroup;
			children = (
				654158CD1ADCD29F00CDFC85 /* PhochatTests.m */,
				654158CB1ADCD29F00CDFC85 /* Supporting Files */,
			);
			path = PhochatTests;
			sourceTree = "<group>";
		};
		654158CB1ADCD29F00CDFC85 /* Supporting Files */ = {
			isa = PBXGroup;
			children = (
				654158CC1ADCD29F00CDFC85 /* Info.plist */,
			);
			name = "Supporting Files";
			sourceTree = "<group>";
		};
		65D7879F1AEA061E00F88F94 /* UI */ = {
			isa = PBXGroup;
			children = (
				65D787A01AEA065A00F88F94 /* PCProfileViewController.h */,
				65D787A11AEA065A00F88F94 /* PCProfileViewController.m */,
				65C39E4A1AEA0BE900B945F3 /* PCPhotosCollectionViewController.h */,
				65C39E4B1AEA0BE900B945F3 /* PCPhotosCollectionViewController.m */,
			);
			name = UI;
			sourceTree = "<group>";
		};
		A9A74C930279B9B683E6D298 /* Frameworks */ = {
			isa = PBXGroup;
			children = (
				EECE474552D9703E33E6684F /* libPods.a */,
			);
			name = Frameworks;
			sourceTree = "<group>";
		};
/* End PBXGroup section */

/* Begin PBXNativeTarget section */
		654158AA1ADCD29F00CDFC85 /* Phochat */ = {
			isa = PBXNativeTarget;
			buildConfigurationList = 654158D11ADCD29F00CDFC85 /* Build configuration list for PBXNativeTarget "Phochat" */;
			buildPhases = (
				FCCC774BC0314424D8D15B48 /* Check Pods Manifest.lock */,
				654158A71ADCD29F00CDFC85 /* Sources */,
				654158A81ADCD29F00CDFC85 /* Frameworks */,
				654158A91ADCD29F00CDFC85 /* Resources */,
				6FCFA3A0DBF261861AF28909 /* Copy Pods Resources */,
			);
			buildRules = (
			);
			dependencies = (
			);
			name = Phochat;
			productName = Phochat;
			productReference = 654158AB1ADCD29F00CDFC85 /* Phochat.app */;
			productType = "com.apple.product-type.application";
		};
		654158C61ADCD29F00CDFC85 /* PhochatTests */ = {
			isa = PBXNativeTarget;
			buildConfigurationList = 654158D41ADCD29F00CDFC85 /* Build configuration list for PBXNativeTarget "PhochatTests" */;
			buildPhases = (
				654158C31ADCD29F00CDFC85 /* Sources */,
				654158C41ADCD29F00CDFC85 /* Frameworks */,
				654158C51ADCD29F00CDFC85 /* Resources */,
			);
			buildRules = (
			);
			dependencies = (
				654158C91ADCD29F00CDFC85 /* PBXTargetDependency */,
			);
			name = PhochatTests;
			productName = PhochatTests;
			productReference = 654158C71ADCD29F00CDFC85 /* PhochatTests.xctest */;
			productType = "com.apple.product-type.bundle.unit-test";
		};
/* End PBXNativeTarget section */

/* Begin PBXProject section */
		654158A31ADCD29F00CDFC85 /* Project object */ = {
			isa = PBXProject;
			attributes = {
				LastUpgradeCheck = 0630;
				ORGANIZATIONNAME = Carunaga;
				TargetAttributes = {
					654158AA1ADCD29F00CDFC85 = {
						CreatedOnToolsVersion = 6.3;
					};
					654158C61ADCD29F00CDFC85 = {
						CreatedOnToolsVersion = 6.3;
						TestTargetID = 654158AA1ADCD29F00CDFC85;
					};
				};
			};
			buildConfigurationList = 654158A61ADCD29F00CDFC85 /* Build configuration list for PBXProject "Phochat" */;
			compatibilityVersion = "Xcode 3.2";
			developmentRegion = English;
			hasScannedForEncodings = 0;
			knownRegions = (
				en,
				Base,
			);
			mainGroup = 654158A21ADCD29F00CDFC85;
			productRefGroup = 654158AC1ADCD29F00CDFC85 /* Products */;
			projectDirPath = "";
			projectRoot = "";
			targets = (
				654158AA1ADCD29F00CDFC85 /* Phochat */,
				654158C61ADCD29F00CDFC85 /* PhochatTests */,
			);
		};
/* End PBXProject section */

/* Begin PBXResourcesBuildPhase section */
		654158A91ADCD29F00CDFC85 /* Resources */ = {
			isa = PBXResourcesBuildPhase;
			buildActionMask = 2147483647;
			files = (
				654158BD1ADCD29F00CDFC85 /* Main.storyboard in Resources */,
				654158C21ADCD29F00CDFC85 /* LaunchScreen.xib in Resources */,
				654158BF1ADCD29F00CDFC85 /* Images.xcassets in Resources */,
			);
			runOnlyForDeploymentPostprocessing = 0;
		};
		654158C51ADCD29F00CDFC85 /* Resources */ = {
			isa = PBXResourcesBuildPhase;
			buildActionMask = 2147483647;
			files = (
			);
			runOnlyForDeploymentPostprocessing = 0;
		};
/* End PBXResourcesBuildPhase section */

/* Begin PBXShellScriptBuildPhase section */
		6FCFA3A0DBF261861AF28909 /* Copy Pods Resources */ = {
			isa = PBXShellScriptBuildPhase;
			buildActionMask = 2147483647;
			files = (
			);
			inputPaths = (
			);
			name = "Copy Pods Resources";
			outputPaths = (
			);
			runOnlyForDeploymentPostprocessing = 0;
			shellPath = /bin/sh;
			shellScript = "\"${SRCROOT}/Pods/Target Support Files/Pods/Pods-resources.sh\"\n";
			showEnvVarsInLog = 0;
		};
		FCCC774BC0314424D8D15B48 /* Check Pods Manifest.lock */ = {
			isa = PBXShellScriptBuildPhase;
			buildActionMask = 2147483647;
			files = (
			);
			inputPaths = (
			);
			name = "Check Pods Manifest.lock";
			outputPaths = (
			);
			runOnlyForDeploymentPostprocessing = 0;
			shellPath = /bin/sh;
			shellScript = "diff \"${PODS_ROOT}/../Podfile.lock\" \"${PODS_ROOT}/Manifest.lock\" > /dev/null\nif [[ $? != 0 ]] ; then\n    cat << EOM\nerror: The sandbox is not in sync with the Podfile.lock. Run 'pod install' or update your CocoaPods installation.\nEOM\n    exit 1\nfi\n";
			showEnvVarsInLog = 0;
		};
/* End PBXShellScriptBuildPhase section */

/* Begin PBXSourcesBuildPhase section */
		654158A71ADCD29F00CDFC85 /* Sources */ = {
			isa = PBXSourcesBuildPhase;
			buildActionMask = 2147483647;
			files = (
				65D787A21AEA065A00F88F94 /* PCProfileViewController.m in Sources */,
				654158B71ADCD29F00CDFC85 /* Phochat.xcdatamodeld in Sources */,
				65C39E4C1AEA0BE900B945F3 /* PCPhotosCollectionViewController.m in Sources */,
				654158B41ADCD29F00CDFC85 /* AppDelegate.m in Sources */,
				654158BA1ADCD29F00CDFC85 /* ViewController.m in Sources */,
				654158B11ADCD29F00CDFC85 /* main.m in Sources */,
			);
			runOnlyForDeploymentPostprocessing = 0;
		};
		654158C31ADCD29F00CDFC85 /* Sources */ = {
			isa = PBXSourcesBuildPhase;
			buildActionMask = 2147483647;
			files = (
				654158CE1ADCD29F00CDFC85 /* PhochatTests.m in Sources */,
			);
			runOnlyForDeploymentPostprocessing = 0;
		};
/* End PBXSourcesBuildPhase section */

/* Begin PBXTargetDependency section */
		654158C91ADCD29F00CDFC85 /* PBXTargetDependency */ = {
			isa = PBXTargetDependency;
			target = 654158AA1ADCD29F00CDFC85 /* Phochat */;
			targetProxy = 654158C81ADCD29F00CDFC85 /* PBXContainerItemProxy */;
		};
/* End PBXTargetDependency section */

/* Begin PBXVariantGroup section */
		654158BB1ADCD29F00CDFC85 /* Main.storyboard */ = {
			isa = PBXVariantGroup;
			children = (
				654158BC1ADCD29F00CDFC85 /* Base */,
			);
			name = Main.storyboard;
			sourceTree = "<group>";
		};
		654158C01ADCD29F00CDFC85 /* LaunchScreen.xib */ = {
			isa = PBXVariantGroup;
			children = (
				654158C11ADCD29F00CDFC85 /* Base */,
			);
			name = LaunchScreen.xib;
			sourceTree = "<group>";
		};
/* End PBXVariantGroup section */

/* Begin XCBuildConfiguration section */
		654158CF1ADCD29F00CDFC85 /* Debug */ = {
			isa = XCBuildConfiguration;
			buildSettings = {
				ALWAYS_SEARCH_USER_PATHS = NO;
				CLANG_CXX_LANGUAGE_STANDARD = "gnu++0x";
				CLANG_CXX_LIBRARY = "libc++";
				CLANG_ENABLE_MODULES = YES;
				CLANG_ENABLE_OBJC_ARC = YES;
				CLANG_WARN_BOOL_CONVERSION = YES;
				CLANG_WARN_CONSTANT_CONVERSION = YES;
				CLANG_WARN_DIRECT_OBJC_ISA_USAGE = YES_ERROR;
				CLANG_WARN_EMPTY_BODY = YES;
				CLANG_WARN_ENUM_CONVERSION = YES;
				CLANG_WARN_INT_CONVERSION = YES;
				CLANG_WARN_OBJC_ROOT_CLASS = YES_ERROR;
				CLANG_WARN_UNREACHABLE_CODE = YES;
				CLANG_WARN__DUPLICATE_METHOD_MATCH = YES;
				"CODE_SIGN_IDENTITY[sdk=iphoneos*]" = "iPhone Developer";
				COPY_PHASE_STRIP = NO;
				DEBUG_INFORMATION_FORMAT = "dwarf-with-dsym";
				ENABLE_STRICT_OBJC_MSGSEND = YES;
				GCC_C_LANGUAGE_STANDARD = gnu99;
				GCC_DYNAMIC_NO_PIC = NO;
				GCC_NO_COMMON_BLOCKS = YES;
				GCC_OPTIMIZATION_LEVEL = 0;
				GCC_PREPROCESSOR_DEFINITIONS = (
					"DEBUG=1",
					"$(inherited)",
				);
				GCC_SYMBOLS_PRIVATE_EXTERN = NO;
				GCC_WARN_64_TO_32_BIT_CONVERSION = YES;
				GCC_WARN_ABOUT_RETURN_TYPE = YES_ERROR;
				GCC_WARN_UNDECLARED_SELECTOR = YES;
				GCC_WARN_UNINITIALIZED_AUTOS = YES_AGGRESSIVE;
				GCC_WARN_UNUSED_FUNCTION = YES;
				GCC_WARN_UNUSED_VARIABLE = YES;
				IPHONEOS_DEPLOYMENT_TARGET = 8.3;
				MTL_ENABLE_DEBUG_INFO = YES;
				ONLY_ACTIVE_ARCH = YES;
				SDKROOT = iphoneos;
				TARGETED_DEVICE_FAMILY = "1,2";
			};
			name = Debug;
		};
		654158D01ADCD29F00CDFC85 /* Release */ = {
			isa = XCBuildConfiguration;
			buildSettings = {
				ALWAYS_SEARCH_USER_PATHS = NO;
				CLANG_CXX_LANGUAGE_STANDARD = "gnu++0x";
				CLANG_CXX_LIBRARY = "libc++";
				CLANG_ENABLE_MODULES = YES;
				CLANG_ENABLE_OBJC_ARC = YES;
				CLANG_WARN_BOOL_CONVERSION = YES;
				CLANG_WARN_CONSTANT_CONVERSION = YES;
				CLANG_WARN_DIRECT_OBJC_ISA_USAGE = YES_ERROR;
				CLANG_WARN_EMPTY_BODY = YES;
				CLANG_WARN_ENUM_CONVERSION = YES;
				CLANG_WARN_INT_CONVERSION = YES;
				CLANG_WARN_OBJC_ROOT_CLASS = YES_ERROR;
				CLANG_WARN_UNREACHABLE_CODE = YES;
				CLANG_WARN__DUPLICATE_METHOD_MATCH = YES;
				"CODE_SIGN_IDENTITY[sdk=iphoneos*]" = "iPhone Developer";
				COPY_PHASE_STRIP = NO;
				DEBUG_INFORMATION_FORMAT = "dwarf-with-dsym";
				ENABLE_NS_ASSERTIONS = NO;
				ENABLE_STRICT_OBJC_MSGSEND = YES;
				GCC_C_LANGUAGE_STANDARD = gnu99;
				GCC_NO_COMMON_BLOCKS = YES;
				GCC_WARN_64_TO_32_BIT_CONVERSION = YES;
				GCC_WARN_ABOUT_RETURN_TYPE = YES_ERROR;
				GCC_WARN_UNDECLARED_SELECTOR = YES;
				GCC_WARN_UNINITIALIZED_AUTOS = YES_AGGRESSIVE;
				GCC_WARN_UNUSED_FUNCTION = YES;
				GCC_WARN_UNUSED_VARIABLE = YES;
				IPHONEOS_DEPLOYMENT_TARGET = 8.3;
				MTL_ENABLE_DEBUG_INFO = NO;
				SDKROOT = iphoneos;
				TARGETED_DEVICE_FAMILY = "1,2";
				VALIDATE_PRODUCT = YES;
			};
			name = Release;
		};
		654158D21ADCD29F00CDFC85 /* Debug */ = {
			isa = XCBuildConfiguration;
			baseConfigurationReference = D6C850ED415AF4879D42267E /* Pods.debug.xcconfig */;
			buildSettings = {
				ASSETCATALOG_COMPILER_APPICON_NAME = AppIcon;
				INFOPLIST_FILE = Phochat/Info.plist;
				IPHONEOS_DEPLOYMENT_TARGET = 7.1;
				LD_RUNPATH_SEARCH_PATHS = "$(inherited) @executable_path/Frameworks";
				PRODUCT_NAME = "$(TARGET_NAME)";
			};
			name = Debug;
		};
		654158D31ADCD29F00CDFC85 /* Release */ = {
			isa = XCBuildConfiguration;
			baseConfigurationReference = F2F808CFC599AAD3A61B9F3A /* Pods.release.xcconfig */;
			buildSettings = {
				ASSETCATALOG_COMPILER_APPICON_NAME = AppIcon;
				INFOPLIST_FILE = Phochat/Info.plist;
				IPHONEOS_DEPLOYMENT_TARGET = 7.1;
				LD_RUNPATH_SEARCH_PATHS = "$(inherited) @executable_path/Frameworks";
				PRODUCT_NAME = "$(TARGET_NAME)";
			};
			name = Release;
		};
		654158D51ADCD29F00CDFC85 /* Debug */ = {
			isa = XCBuildConfiguration;
			buildSettings = {
				BUNDLE_LOADER = "$(TEST_HOST)";
				FRAMEWORK_SEARCH_PATHS = (
					"$(SDKROOT)/Developer/Library/Frameworks",
					"$(inherited)",
				);
				GCC_PREPROCESSOR_DEFINITIONS = (
					"DEBUG=1",
					"$(inherited)",
				);
				INFOPLIST_FILE = PhochatTests/Info.plist;
				LD_RUNPATH_SEARCH_PATHS = "$(inherited) @executable_path/Frameworks @loader_path/Frameworks";
				PRODUCT_NAME = "$(TARGET_NAME)";
				TEST_HOST = "$(BUILT_PRODUCTS_DIR)/Phochat.app/Phochat";
			};
			name = Debug;
		};
		654158D61ADCD29F00CDFC85 /* Release */ = {
			isa = XCBuildConfiguration;
			buildSettings = {
				BUNDLE_LOADER = "$(TEST_HOST)";
				FRAMEWORK_SEARCH_PATHS = (
					"$(SDKROOT)/Developer/Library/Frameworks",
					"$(inherited)",
				);
				INFOPLIST_FILE = PhochatTests/Info.plist;
				LD_RUNPATH_SEARCH_PATHS = "$(inherited) @executable_path/Frameworks @loader_path/Frameworks";
				PRODUCT_NAME = "$(TARGET_NAME)";
				TEST_HOST = "$(BUILT_PRODUCTS_DIR)/Phochat.app/Phochat";
			};
			name = Release;
		};
/* End XCBuildConfiguration section */

/* Begin XCConfigurationList section */
		654158A61ADCD29F00CDFC85 /* Build configuration list for PBXProject "Phochat" */ = {
			isa = XCConfigurationList;
			buildConfigurations = (
				654158CF1ADCD29F00CDFC85 /* Debug */,
				654158D01ADCD29F00CDFC85 /* Release */,
			);
			defaultConfigurationIsVisible = 0;
			defaultConfigurationName = Release;
		};
		654158D11ADCD29F00CDFC85 /* Build configuration list for PBXNativeTarget "Phochat" */ = {
			isa = XCConfigurationList;
			buildConfigurations = (
				654158D21ADCD29F00CDFC85 /* Debug */,
				654158D31ADCD29F00CDFC85 /* Release */,
			);
			defaultConfigurationIsVisible = 0;
			defaultConfigurationName = Release;
		};
		654158D41ADCD29F00CDFC85 /* Build configuration list for PBXNativeTarget "PhochatTests" */ = {
			isa = XCConfigurationList;
			buildConfigurations = (
				654158D51ADCD29F00CDFC85 /* Debug */,
				654158D61ADCD29F00CDFC85 /* Release */,
			);
			defaultConfigurationIsVisible = 0;
			defaultConfigurationName = Release;
		};
/* End XCConfigurationList section */

/* Begin XCVersionGroup section */
		654158B51ADCD29F00CDFC85 /* Phochat.xcdatamodeld */ = {
			isa = XCVersionGroup;
			children = (
				654158B61ADCD29F00CDFC85 /* Phochat.xcdatamodel */,
			);
			currentVersion = 654158B61ADCD29F00CDFC85 /* Phochat.xcdatamodel */;
			path = Phochat.xcdatamodeld;
			sourceTree = "<group>";
			versionGroupType = wrapper.xcdatamodel;
		};
/* End XCVersionGroup section */
	};
	rootObject = 654158A31ADCD29F00CDFC85 /* Project object */;
}
