PODS:
  - BFPaperButton (2.0.16):
    - UIColor+BFPaperColors
  - Bolts (1.1.4)
  - EBPhotoPages (0.9.1)
  - ionicons (2.0.1)
  - JSQMessagesViewController (7.0.0):
    - JSQSystemSoundPlayer (~> 2.0.1)
  - JSQSystemSoundPlayer (2.0.1)
  - MBProgressHUD (0.9.1)
  - NZCircularImageView (0.0.5):
    - UIActivityIndicator-for-SDWebImage (~> 1.2)
  - Parse (1.7.1):
    - Bolts (~> 1.1)
  - ParseUI (1.1.3):
    - Parse (~> 1.7)
  - RESideMenu (4.0.7)
  - SDWebImage (3.7.2):
    - SDWebImage/Core (= 3.7.2)
  - SDWebImage/Core (3.7.2)
  - SimpleCam (0.1.5)
  - UIActivityIndicator-for-SDWebImage (1.2):
    - SDWebImage (~> 3.7)
  - UIColor+BFPaperColors (1.4.10)

DEPENDENCIES:
  - BFPaperButton
  - EBPhotoPages
  - ionicons
  - JSQMessagesViewController
  - MBProgressHUD
  - NZCircularImageView
  - Parse
  - ParseUI
  - RESideMenu
  - SDWebImage
  - SimpleCam

SPEC CHECKSUMS:
  BFPaperButton: b1980d33cd45b44b60427423b3ecfbd222855655
  Bolts: f8e2f94edbf9fec7bb8de5ecaaa3aa6b7de6f64e
  EBPhotoPages: 57ad7f10c6fc92b734954e00cd98e8eea6feae82
  ionicons: c7b0867373392e85c17f613d19ade04ccfbe5a7c
  JSQMessagesViewController: 9fd7e9ac96e9fc91f2deca86928e2cc916aeebaa
  JSQSystemSoundPlayer: c5850e77a4363ffd374cd851154b9af93264ed8d
  MBProgressHUD: c47f2c166c126cf2ce36498d80f33e754d4e93ad
  NZCircularImageView: cc64eae9a0dd42800b4902dc483b0b37591c3a3d
  Parse: fa8ec29de6d82035635986c11946299fb1b38316
  ParseUI: 1a68e9cebc3bd458eed9605ce7b33d7cc082f473
  RESideMenu: f24c508404b49c667344c54aba7e590883533958
  SDWebImage: 71b7cdc1d1721d6a82ed62889030225f2c249e29
  SimpleCam: c51100cde507bffdcac55e9c759a2e122aa5990c
  UIActivityIndicator-for-SDWebImage: 7bf7ebbf0ed1747dedc0d6e949c4603a6d0f9e0c
  UIColor+BFPaperColors: 740b5fe4e4227de522f91bc5cdd8aad6c1edf92d

COCOAPODS: 0.36.4
