PODS:
  - BFPaperButton (2.0.18):
    - UIColor+BFPaperColors
  - Bolts/Tasks (1.2.0)
  - ionicons (2.0.1)
  - JSQMessagesViewController (7.1.0):
    - JSQSystemSoundPlayer (~> 2.0.1)
  - JSQSystemSoundPlayer (2.0.1)
  - JTSImageViewController (1.4)
  - MBProgressHUD (0.9.1)
  - NZCircularImageView (0.0.5):
    - UIActivityIndicator-for-SDWebImage (~> 1.2)
  - Parse (1.7.4):
    - Bolts/Tasks (>= 1.1.5)
  - ParseUI (1.1.4):
    - Parse (~> 1.7)
  - QRCodeReaderViewController (3.4.0)
  - RESideMenu (4.0.7)
  - SDWebImage (3.7.2):
    - SDWebImage/Core (= 3.7.2)
  - SDWebImage/Core (3.7.2)
  - SimpleCam (0.1.5)
  - UIActivityIndicator-for-SDWebImage (1.2):
    - SDWebImage (~> 3.7)
  - UIColor+BFPaperColors (1.7.1)

DEPENDENCIES:
  - BFPaperButton
  - ionicons
  - JSQMessagesViewController
  - JTSImageViewController
  - MBProgressHUD
  - NZCircularImageView
  - Parse
  - ParseUI
  - QRCodeReaderViewController
  - RESideMenu
  - SDWebImage
  - SimpleCam

SPEC CHECKSUMS:
  BFPaperButton: 16b3ec9c2964d24f89f623a4113321d3f003ed60
  Bolts: d176cb1e0012175589e389a9db49b85e27787576
  ionicons: c7b0867373392e85c17f613d19ade04ccfbe5a7c
  JSQMessagesViewController: ca11f86fa68ca70835f05e169df9244147c1dc40
  JSQSystemSoundPlayer: c5850e77a4363ffd374cd851154b9af93264ed8d
  JTSImageViewController: 6a367b144e257db02cdfacdba78d684377d3777b
  MBProgressHUD: c47f2c166c126cf2ce36498d80f33e754d4e93ad
  NZCircularImageView: cc64eae9a0dd42800b4902dc483b0b37591c3a3d
  Parse: 6ca512c6e860b66739c95151b2f76ac4712b7842
  ParseUI: d1228541b02a36a7354c8f47747f5f7a89cf1ff0
  QRCodeReaderViewController: bbe09ba1805a74e4da29863a5220a7ad0411f5bc
  RESideMenu: f24c508404b49c667344c54aba7e590883533958
  SDWebImage: 71b7cdc1d1721d6a82ed62889030225f2c249e29
  SimpleCam: c51100cde507bffdcac55e9c759a2e122aa5990c
  UIActivityIndicator-for-SDWebImage: 7bf7ebbf0ed1747dedc0d6e949c4603a6d0f9e0c
  UIColor+BFPaperColors: b1efa4320e2f56c4b14f73232faf967ba0e5b4a2

COCOAPODS: 0.36.3
